
Microsoft Visual Studio Solution File, Format Version 12.00
# Visual Studio Version 17
VisualStudioVersion = 17.10.34928.147
MinimumVisualStudioVersion = 10.0.40219.1
Project("{FAE04EC0-301F-11D3-BF4B-00C04F79EFBC}") = "Project2-TransactionTracker", "Project2-TransactionTracker.csproj", "{9F822A9A-624F-4F90-A5BE-DD8A5EB68D5A}"
EndProject
Global
	GlobalSection(SolutionConfigurationPlatforms) = preSolution
		Debug|Any CPU = Debug|Any CPU
		Release|Any CPU = Release|Any CPU
	EndGlobalSection
	GlobalSection(ProjectConfigurationPlatforms) = postSolution
		{9F822A9A-624F-4F90-A5BE-DD8A5EB68D5A}.Debug|Any CPU.ActiveCfg = Debug|Any CPU
		{9F822A9A-624F-4F90-A5BE-DD8A5EB68D5A}.Debug|Any CPU.Build.0 = Debug|Any CPU
		{9F822A9A-624F-4F90-A5BE-DD8A5EB68D5A}.Release|Any CPU.ActiveCfg = Release|Any CPU
		{9F822A9A-624F-4F90-A5BE-DD8A5EB68D5A}.Release|Any CPU.Build.0 = Release|Any CPU
	EndGlobalSection
	GlobalSection(SolutionProperties) = preSolution
		HideSolutionNode = FALSE
	EndGlobalSection
	GlobalSection(ExtensibilityGlobals) = postSolution
		SolutionGuid = {576F64F0-90F4-4FBF-A3A4-81C7C1002CEC}
	EndGlobalSection
EndGlobal
